# @generated - this file is auto-generated by `mise lock` https://mise.jdx.dev/dev-tools/mise-lock.html

[[tools.direnv]]
version = "2.37.1"
backend = "asdf:direnv"

[[tools."github:casey/just"]]
version = "1.58.0"
backend = "github:casey/just"

[tools."github:casey/just"."platforms.linux-arm64"]
checksum = "sha256:748237128c4c40cbdabc65e841d05ceba13cc23a91eaba395495894c1d9764df"
url = "https://github.com/casey/just/releases/download/1.58.0/just-1.58.0-aarch64-unknown-linux-musl.tar.gz"
url_api = "https://api.github.com/repos/casey/just/releases/assets/500510099"

[tools."github:casey/just"."platforms.linux-arm64-musl"]
checksum = "sha256:748237128c4c40cbdabc65e841d05ceba13cc23a91eaba395495894c1d9764df"
url = "https://github.com/casey/just/releases/download/1.58.0/just-1.58.0-aarch64-unknown-linux-musl.tar.gz"
url_api = "https://api.github.com/repos/casey/just/releases/assets/500510099"

[tools."github:casey/just"."platforms.linux-x64"]
checksum = "sha256:4a5cc2f53e6f0f8c59092a6cc38291eb729d46a7dd95d3ae582008881b84931d"
url = "https://github.com/casey/just/releases/download/1.58.0/just-1.58.0-x86_64-unknown-linux-musl.tar.gz"
url_api = "https://api.github.com/repos/casey/just/releases/assets/500509978"

[tools."github:casey/just"."platforms.linux-x64-musl"]
checksum = "sha256:4a5cc2f53e6f0f8c59092a6cc38291eb729d46a7dd95d3ae582008881b84931d"
url = "https://github.com/casey/just/releases/download/1.58.0/just-1.58.0-x86_64-unknown-linux-musl.tar.gz"
url_api = "https://api.github.com/repos/casey/just/releases/assets/500509978"

[tools."github:casey/just"."platforms.macos-arm64"]
checksum = "sha256:50ae3e996c974a0bf32ea7d10f495070df33f1b43e0616b2769e3d4821ed8f48"
url = "https://github.com/casey/just/releases/download/1.58.0/just-1.58.0-aarch64-apple-darwin.tar.gz"
url_api = "https://api.github.com/repos/casey/just/releases/assets/500509965"

[tools."github:casey/just"."platforms.macos-x64"]
checksum = "sha256:9a09cfef66aaa79da58203970103a0684307716caaabd3e9844cacc4dc0f4023"
url = "https://github.com/casey/just/releases/download/1.58.0/just-1.58.0-x86_64-apple-darwin.tar.gz"
url_api = "https://api.github.com/repos/casey/just/releases/assets/500510084"

[tools."github:casey/just"."platforms.windows-x64"]
checksum = "sha256:759f16fb7aa17c5c8b9594b6d4a8c1a6630dfd042cf2b3ff84841454d3d188dc"
url = "https://github.com/casey/just/releases/download/1.58.0/just-1.58.0-x86_64-pc-windows-msvc.zip"
url_api = "https://api.github.com/repos/casey/just/releases/assets/500511374"

[[tools.python]]
version = "3.14.7"
backend = "core:python"

[tools.python."platforms.linux-arm64"]
checksum = "sha256:f278d66c15e81f6c77719892e3eb32ff4bca5fc4ab424e171d14bc12bb88b4ee"
url = "https://github.com/astral-sh/python-build-standalone/releases/download/20260805/cpython-3.14.7+20260805-aarch64-unknown-linux-gnu-install_only_stripped.tar.gz"
provenance = "github-attestations"

[tools.python."platforms.linux-arm64-musl"]
checksum = "sha256:b014b2aaa2e2b5b48739c751869de21e6cec94df720d56ecc9e5335a9a7dfe3c"
url = "https://github.com/astral-sh/python-build-standalone/releases/download/20260805/cpython-3.14.7+20260805-aarch64-unknown-linux-musl-install_only_stripped.tar.gz"
provenance = "github-attestations"

[tools.python."platforms.linux-x64"]
checksum = "blake3:561e7665adb58c394b0096cad8b488a1eb0e9107c75f8e2b4ab63a3404ee0d3c"
url = "https://github.com/astral-sh/python-build-standalone/releases/download/20260805/cpython-3.14.7+20260805-x86_64-unknown-linux-gnu-install_only_stripped.tar.gz"
provenance = "github-attestations"

[tools.python."platforms.linux-x64-musl"]
checksum = "sha256:55aad270d776b9e5f983e5b1b2aba23433fca5f8f0b5ce423da5aafe2c784935"
url = "https://github.com/astral-sh/python-build-standalone/releases/download/20260805/cpython-3.14.7+20260805-x86_64-unknown-linux-musl-install_only_stripped.tar.gz"
provenance = "github-attestations"

[tools.python."platforms.macos-arm64"]
checksum = "sha256:abbf6e8530a283ed795fa91fd6bcf4501e2b1fa287b2cb1c15b70d3028f3a7c9"
url = "https://github.com/astral-sh/python-build-standalone/releases/download/20260805/cpython-3.14.7+20260805-aarch64-apple-darwin-install_only_stripped.tar.gz"
provenance = "github-attestations"

[tools.python."platforms.macos-x64"]
checksum = "sha256:e0e8e70dc98a7b9ddcc434ff6c46ff19d7386160e0308ba0e637d5f2f971380d"
url = "https://github.com/astral-sh/python-build-standalone/releases/download/20260805/cpython-3.14.7+20260805-x86_64-apple-darwin-install_only_stripped.tar.gz"
provenance = "github-attestations"

[tools.python."platforms.windows-x64"]
checksum = "sha256:d4582ec0f8c80524d341bee5b92b1612104123845cdfc835c64cb0153214be5f"
url = "https://github.com/astral-sh/python-build-standalone/releases/download/20260805/cpython-3.14.7+20260805-x86_64-pc-windows-msvc-install_only_stripped.tar.gz"
provenance = "github-attestations"

[[tools.uv]]
version = "0.12.2"
backend = "asdf:uv"
